
Microsoft Visual Studio Solution File, Format Version 12.00
# Visual Studio Version 16
VisualStudioVersion = 16.0.30804.86
MinimumVisualStudioVersion = 10.0.40219.1
Project("{2150E333-8FDC-42A3-9474-1A3956D46DE8}") = "src", "src", "{B1A872B1-86C8-47BE-A040-1E8FFCD00909}"
EndProject
Project("{2150E333-8FDC-42A3-9474-1A3956D46DE8}") = "Catalog", "Catalog", "{845D41B3-E277-430A-B8D0-30C328C63267}"
EndProject
Project("{9A19103F-16F7-4668-BE54-9A1E7A4F7556}") = "Catalog.API", "src\Catalog\Catalog.API\Catalog.API.csproj", "{8D2C8E06-6087-4A22-A052-D8CB3A94FBEE}"
EndProject
Project("{E53339B2-1760-4266-BCC7-CA923CBCF16C}") = "docker-compose", "docker-compose.dcproj", "{9D0163EC-C561-46DA-8AC1-DF41936A092B}"
EndProject
Project("{2150E333-8FDC-42A3-9474-1A3956D46DE8}") = "Basket", "Basket", "{BDF7255B-6678-478D-89FA-061536B5B0FF}"
EndProject
Project("{9A19103F-16F7-4668-BE54-9A1E7A4F7556}") = "Basket.API", "src\Basket\Basket.API\Basket.API.csproj", "{F1655DE3-464A-47F8-9819-F5F1D4BEBB39}"
EndProject
Project("{2150E333-8FDC-42A3-9474-1A3956D46DE8}") = "Common", "Common", "{81D38DD6-2E13-4362-AF42-B32DE6B2FEF4}"
EndProject
Project("{FAE04EC0-301F-11D3-BF4B-00C04F79EFBC}") = "EventBusRabbitMQ", "src\Common\EventBusRabbitMQ\EventBusRabbitMQ.csproj", "{04E1505D-4727-4C2C-914B-2F3DF489899F}"
EndProject
Global
	GlobalSection(SolutionConfigurationPlatforms) = preSolution
		Debug|Any CPU = Debug|Any CPU
		Release|Any CPU = Release|Any CPU
	EndGlobalSection
	GlobalSection(ProjectConfigurationPlatforms) = postSolution
		{8D2C8E06-6087-4A22-A052-D8CB3A94FBEE}.Debug|Any CPU.ActiveCfg = Debug|Any CPU
		{8D2C8E06-6087-4A22-A052-D8CB3A94FBEE}.Debug|Any CPU.Build.0 = Debug|Any CPU
		{8D2C8E06-6087-4A22-A052-D8CB3A94FBEE}.Release|Any CPU.ActiveCfg = Release|Any CPU
		{8D2C8E06-6087-4A22-A052-D8CB3A94FBEE}.Release|Any CPU.Build.0 = Release|Any CPU
		{9D0163EC-C561-46DA-8AC1-DF41936A092B}.Debug|Any CPU.ActiveCfg = Debug|Any CPU
		{9D0163EC-C561-46DA-8AC1-DF41936A092B}.Debug|Any CPU.Build.0 = Debug|Any CPU
		{9D0163EC-C561-46DA-8AC1-DF41936A092B}.Release|Any CPU.ActiveCfg = Release|Any CPU
		{9D0163EC-C561-46DA-8AC1-DF41936A092B}.Release|Any CPU.Build.0 = Release|Any CPU
		{F1655DE3-464A-47F8-9819-F5F1D4BEBB39}.Debug|Any CPU.ActiveCfg = Debug|Any CPU
		{F1655DE3-464A-47F8-9819-F5F1D4BEBB39}.Debug|Any CPU.Build.0 = Debug|Any CPU
		{F1655DE3-464A-47F8-9819-F5F1D4BEBB39}.Release|Any CPU.ActiveCfg = Release|Any CPU
		{F1655DE3-464A-47F8-9819-F5F1D4BEBB39}.Release|Any CPU.Build.0 = Release|Any CPU
		{04E1505D-4727-4C2C-914B-2F3DF489899F}.Debug|Any CPU.ActiveCfg = Debug|Any CPU
		{04E1505D-4727-4C2C-914B-2F3DF489899F}.Debug|Any CPU.Build.0 = Debug|Any CPU
		{04E1505D-4727-4C2C-914B-2F3DF489899F}.Release|Any CPU.ActiveCfg = Release|Any CPU
		{04E1505D-4727-4C2C-914B-2F3DF489899F}.Release|Any CPU.Build.0 = Release|Any CPU
	EndGlobalSection
	GlobalSection(SolutionProperties) = preSolution
		HideSolutionNode = FALSE
	EndGlobalSection
	GlobalSection(NestedProjects) = preSolution
		{845D41B3-E277-430A-B8D0-30C328C63267} = {B1A872B1-86C8-47BE-A040-1E8FFCD00909}
		{8D2C8E06-6087-4A22-A052-D8CB3A94FBEE} = {845D41B3-E277-430A-B8D0-30C328C63267}
		{BDF7255B-6678-478D-89FA-061536B5B0FF} = {B1A872B1-86C8-47BE-A040-1E8FFCD00909}
		{F1655DE3-464A-47F8-9819-F5F1D4BEBB39} = {BDF7255B-6678-478D-89FA-061536B5B0FF}
		{81D38DD6-2E13-4362-AF42-B32DE6B2FEF4} = {B1A872B1-86C8-47BE-A040-1E8FFCD00909}
		{04E1505D-4727-4C2C-914B-2F3DF489899F} = {81D38DD6-2E13-4362-AF42-B32DE6B2FEF4}
	EndGlobalSection
	GlobalSection(ExtensibilityGlobals) = postSolution
		SolutionGuid = {D140954E-16CF-4D49-836D-E9013E9C844C}
	EndGlobalSection
EndGlobal
